// !$*UTF8*$!
{
	archiveVersion = 1;
	classes = {
	};
	objectVersion = 77;
	objects = {

/* Begin PBXBuildFile section */
		0FE070922D0D4BFE007E02D2 /* Preview Assets.xcassets in Resources */ = {isa = PBXBuildFile; fileRef = 0FE0708B2D0D4BFE007E02D2 /* Preview Assets.xcassets */; };
		0FE070932D0D4BFE007E02D2 /* Assets.xcassets in Resources */ = {isa = PBXBuildFile; fileRef = 0FE0708F2D0D4BFE007E02D2 /* Assets.xcassets */; };
		0FE070942D0D4BFE007E02D2 /* AI_ChatApp.swift in Sources */ = {isa = PBXBuildFile; fileRef = 0FE0708E2D0D4BFE007E02D2 /* AI_ChatApp.swift */; };
		0FE070952D0D4BFE007E02D2 /* ContentView.swift in Sources */ = {isa = PBXBuildFile; fileRef = 0FE070902D0D4BFE007E02D2 /* ContentView.swift */; };
		0FE070982D0D4C02007E02D2 /* AI_ChatTests.swift in Sources */ = {isa = PBXBuildFile; fileRef = 0FE070962D0D4C02007E02D2 /* AI_ChatTests.swift */; };
		0FE0709C2D0D4C05007E02D2 /* AI_ChatUITests.swift in Sources */ = {isa = PBXBuildFile; fileRef = 0FE070992D0D4C05007E02D2 /* AI_ChatUITests.swift */; };
		0FE0709D2D0D4C05007E02D2 /* AI_ChatUITestsLaunchTests.swift in Sources */ = {isa = PBXBuildFile; fileRef = 0FE0709A2D0D4C05007E02D2 /* AI_ChatUITestsLaunchTests.swift */; };
		0FE070A12D0D4C2A007E02D2 /* LaunchScreen.storyboard in Resources */ = {isa = PBXBuildFile; fileRef = 0FE070A02D0D4C2A007E02D2 /* LaunchScreen.storyboard */; };
		0FE070A42D0D54FF007E02D2 /* AppView.swift in Sources */ = {isa = PBXBuildFile; fileRef = 0FE070A32D0D54FF007E02D2 /* AppView.swift */; };
		0FE070A72D0D603C007E02D2 /* AppViewBuilder.swift in Sources */ = {isa = PBXBuildFile; fileRef = 0FE070A62D0D603C007E02D2 /* AppViewBuilder.swift */; };
/* End PBXBuildFile section */

/* Begin PBXContainerItemProxy section */
		0FE0706F2D0D48CA007E02D2 /* PBXContainerItemProxy */ = {
			isa = PBXContainerItemProxy;
			containerPortal = 0FE070552D0D48C8007E02D2 /* Project object */;
			proxyType = 1;
			remoteGlobalIDString = 0FE0705C2D0D48C8007E02D2;
			remoteInfo = "AI-Chat";
		};
		0FE070792D0D48CA007E02D2 /* PBXContainerItemProxy */ = {
			isa = PBXContainerItemProxy;
			containerPortal = 0FE070552D0D48C8007E02D2 /* Project object */;
			proxyType = 1;
			remoteGlobalIDString = 0FE0705C2D0D48C8007E02D2;
			remoteInfo = "AI-Chat";
		};
/* End PBXContainerItemProxy section */

/* Begin PBXFileReference section */
		0FE0705D2D0D48C8007E02D2 /* AI-Chat.app */ = {isa = PBXFileReference; explicitFileType = wrapper.application; includeInIndex = 0; path = "AI-Chat.app"; sourceTree = BUILT_PRODUCTS_DIR; };
		0FE0706E2D0D48CA007E02D2 /* AI-ChatTests.xctest */ = {isa = PBXFileReference; explicitFileType = wrapper.cfbundle; includeInIndex = 0; path = "AI-ChatTests.xctest"; sourceTree = BUILT_PRODUCTS_DIR; };
		0FE070782D0D48CA007E02D2 /* AI-ChatUITests.xctest */ = {isa = PBXFileReference; explicitFileType = wrapper.cfbundle; includeInIndex = 0; path = "AI-ChatUITests.xctest"; sourceTree = BUILT_PRODUCTS_DIR; };
		0FE0708B2D0D4BFE007E02D2 /* Preview Assets.xcassets */ = {isa = PBXFileReference; lastKnownFileType = folder.assetcatalog; path = "Preview Assets.xcassets"; sourceTree = "<group>"; };
		0FE0708D2D0D4BFE007E02D2 /* AI_Chat.entitlements */ = {isa = PBXFileReference; lastKnownFileType = text.plist.entitlements; path = AI_Chat.entitlements; sourceTree = "<group>"; };
		0FE0708E2D0D4BFE007E02D2 /* AI_ChatApp.swift */ = {isa = PBXFileReference; lastKnownFileType = sourcecode.swift; path = AI_ChatApp.swift; sourceTree = "<group>"; };
		0FE0708F2D0D4BFE007E02D2 /* Assets.xcassets */ = {isa = PBXFileReference; lastKnownFileType = folder.assetcatalog; path = Assets.xcassets; sourceTree = "<group>"; };
		0FE070902D0D4BFE007E02D2 /* ContentView.swift */ = {isa = PBXFileReference; lastKnownFileType = sourcecode.swift; path = ContentView.swift; sourceTree = "<group>"; };
		0FE070962D0D4C02007E02D2 /* AI_ChatTests.swift */ = {isa = PBXFileReference; lastKnownFileType = sourcecode.swift; path = AI_ChatTests.swift; sourceTree = "<group>"; };
		0FE070992D0D4C05007E02D2 /* AI_ChatUITests.swift */ = {isa = PBXFileReference; lastKnownFileType = sourcecode.swift; path = AI_ChatUITests.swift; sourceTree = "<group>"; };
		0FE0709A2D0D4C05007E02D2 /* AI_ChatUITestsLaunchTests.swift */ = {isa = PBXFileReference; lastKnownFileType = sourcecode.swift; path = AI_ChatUITestsLaunchTests.swift; sourceTree = "<group>"; };
		0FE070A02D0D4C2A007E02D2 /* LaunchScreen.storyboard */ = {isa = PBXFileReference; lastKnownFileType = file.storyboard; path = LaunchScreen.storyboard; sourceTree = "<group>"; };
		0FE070A32D0D54FF007E02D2 /* AppView.swift */ = {isa = PBXFileReference; lastKnownFileType = sourcecode.swift; path = AppView.swift; sourceTree = "<group>"; };
		0FE070A62D0D603C007E02D2 /* AppViewBuilder.swift */ = {isa = PBXFileReference; lastKnownFileType = sourcecode.swift; path = AppViewBuilder.swift; sourceTree = "<group>"; };
/* End PBXFileReference section */

/* Begin PBXFrameworksBuildPhase section */
		0FE0705A2D0D48C8007E02D2 /* Frameworks */ = {
			isa = PBXFrameworksBuildPhase;
			buildActionMask = 2147483647;
			files = (
			);
			runOnlyForDeploymentPostprocessing = 0;
		};
		0FE0706B2D0D48CA007E02D2 /* Frameworks */ = {
			isa = PBXFrameworksBuildPhase;
			buildActionMask = 2147483647;
			files = (
			);
			runOnlyForDeploymentPostprocessing = 0;
		};
		0FE070752D0D48CA007E02D2 /* Frameworks */ = {
			isa = PBXFrameworksBuildPhase;
			buildActionMask = 2147483647;
			files = (
			);
			runOnlyForDeploymentPostprocessing = 0;
		};
/* End PBXFrameworksBuildPhase section */

/* Begin PBXGroup section */
		0FE070542D0D48C8007E02D2 = {
			isa = PBXGroup;
			children = (
				0FE070912D0D4BFE007E02D2 /* AI-Chat */,
				0FE070972D0D4C02007E02D2 /* AI-ChatTests */,
				0FE0709B2D0D4C05007E02D2 /* AI-ChatUITests */,
				0FE0705E2D0D48C8007E02D2 /* Products */,
			);
			sourceTree = "<group>";
		};
		0FE0705E2D0D48C8007E02D2 /* Products */ = {
			isa = PBXGroup;
			children = (
				0FE0705D2D0D48C8007E02D2 /* AI-Chat.app */,
				0FE0706E2D0D48CA007E02D2 /* AI-ChatTests.xctest */,
				0FE070782D0D48CA007E02D2 /* AI-ChatUITests.xctest */,
			);
			name = Products;
			sourceTree = "<group>";
		};
		0FE0708C2D0D4BFE007E02D2 /* Preview Content */ = {
			isa = PBXGroup;
			children = (
				0FE0708B2D0D4BFE007E02D2 /* Preview Assets.xcassets */,
			);
			path = "Preview Content";
			sourceTree = "<group>";
		};
		0FE070912D0D4BFE007E02D2 /* AI-Chat */ = {
			isa = PBXGroup;
			children = (
				0FE0709E2D0D4C0D007E02D2 /* Core */,
				0FE0708C2D0D4BFE007E02D2 /* Preview Content */,
				0FE0708D2D0D4BFE007E02D2 /* AI_Chat.entitlements */,
				0FE0708E2D0D4BFE007E02D2 /* AI_ChatApp.swift */,
				0FE0708F2D0D4BFE007E02D2 /* Assets.xcassets */,
				0FE070902D0D4BFE007E02D2 /* ContentView.swift */,
			);
			path = "AI-Chat";
			sourceTree = "<group>";
		};
		0FE070972D0D4C02007E02D2 /* AI-ChatTests */ = {
			isa = PBXGroup;
			children = (
				0FE070962D0D4C02007E02D2 /* AI_ChatTests.swift */,
			);
			path = "AI-ChatTests";
			sourceTree = "<group>";
		};
		0FE0709B2D0D4C05007E02D2 /* AI-ChatUITests */ = {
			isa = PBXGroup;
			children = (
				0FE070992D0D4C05007E02D2 /* AI_ChatUITests.swift */,
				0FE0709A2D0D4C05007E02D2 /* AI_ChatUITestsLaunchTests.swift */,
			);
			path = "AI-ChatUITests";
			sourceTree = "<group>";
		};
		0FE0709E2D0D4C0D007E02D2 /* Core */ = {
			isa = PBXGroup;
			children = (
				0FE070A52D0D6017007E02D2 /* AppView */,
				0FE0709F2D0D4C19007E02D2 /* Root */,
			);
			path = Core;
			sourceTree = "<group>";
		};
		0FE0709F2D0D4C19007E02D2 /* Root */ = {
			isa = PBXGroup;
			children = (
				0FE070A02D0D4C2A007E02D2 /* LaunchScreen.storyboard */,
			);
			path = Root;
			sourceTree = "<group>";
		};
		0FE070A52D0D6017007E02D2 /* AppView */ = {
			isa = PBXGroup;
			children = (
				0FE070A32D0D54FF007E02D2 /* AppView.swift */,
				0FE070A62D0D603C007E02D2 /* AppViewBuilder.swift */,
			);
			path = AppView;
			sourceTree = "<group>";
		};
/* End PBXGroup section */

/* Begin PBXNativeTarget section */
		0FE0705C2D0D48C8007E02D2 /* AI-Chat */ = {
			isa = PBXNativeTarget;
			buildConfigurationList = 0FE070822D0D48CA007E02D2 /* Build configuration list for PBXNativeTarget "AI-Chat" */;
			buildPhases = (
				0FE070592D0D48C8007E02D2 /* Sources */,
				0FE0705A2D0D48C8007E02D2 /* Frameworks */,
				0FE0705B2D0D48C8007E02D2 /* Resources */,
				0FE070A22D0D4F04007E02D2 /* ShellScript */,
			);
			buildRules = (
			);
			dependencies = (
			);
			name = "AI-Chat";
			packageProductDependencies = (
			);
			productName = "AI-Chat";
			productReference = 0FE0705D2D0D48C8007E02D2 /* AI-Chat.app */;
			productType = "com.apple.product-type.application";
		};
		0FE0706D2D0D48CA007E02D2 /* AI-ChatTests */ = {
			isa = PBXNativeTarget;
			buildConfigurationList = 0FE070852D0D48CA007E02D2 /* Build configuration list for PBXNativeTarget "AI-ChatTests" */;
			buildPhases = (
				0FE0706A2D0D48CA007E02D2 /* Sources */,
				0FE0706B2D0D48CA007E02D2 /* Frameworks */,
				0FE0706C2D0D48CA007E02D2 /* Resources */,
			);
			buildRules = (
			);
			dependencies = (
				0FE070702D0D48CA007E02D2 /* PBXTargetDependency */,
			);
			name = "AI-ChatTests";
			packageProductDependencies = (
			);
			productName = "AI-ChatTests";
			productReference = 0FE0706E2D0D48CA007E02D2 /* AI-ChatTests.xctest */;
			productType = "com.apple.product-type.bundle.unit-test";
		};
		0FE070772D0D48CA007E02D2 /* AI-ChatUITests */ = {
			isa = PBXNativeTarget;
			buildConfigurationList = 0FE070882D0D48CA007E02D2 /* Build configuration list for PBXNativeTarget "AI-ChatUITests" */;
			buildPhases = (
				0FE070742D0D48CA007E02D2 /* Sources */,
				0FE070752D0D48CA007E02D2 /* Frameworks */,
				0FE070762D0D48CA007E02D2 /* Resources */,
			);
			buildRules = (
			);
			dependencies = (
				0FE0707A2D0D48CA007E02D2 /* PBXTargetDependency */,
			);
			name = "AI-ChatUITests";
			packageProductDependencies = (
			);
			productName = "AI-ChatUITests";
			productReference = 0FE070782D0D48CA007E02D2 /* AI-ChatUITests.xctest */;
			productType = "com.apple.product-type.bundle.ui-testing";
		};
/* End PBXNativeTarget section */

/* Begin PBXProject section */
		0FE070552D0D48C8007E02D2 /* Project object */ = {
			isa = PBXProject;
			attributes = {
				BuildIndependentTargetsInParallel = 1;
				LastSwiftUpdateCheck = 1620;
				LastUpgradeCheck = 1620;
				TargetAttributes = {
					0FE0705C2D0D48C8007E02D2 = {
						CreatedOnToolsVersion = 16.2;
					};
					0FE0706D2D0D48CA007E02D2 = {
						CreatedOnToolsVersion = 16.2;
						TestTargetID = 0FE0705C2D0D48C8007E02D2;
					};
					0FE070772D0D48CA007E02D2 = {
						CreatedOnToolsVersion = 16.2;
						TestTargetID = 0FE0705C2D0D48C8007E02D2;
					};
				};
			};
			buildConfigurationList = 0FE070582D0D48C8007E02D2 /* Build configuration list for PBXProject "AI-Chat" */;
			developmentRegion = en;
			hasScannedForEncodings = 0;
			knownRegions = (
				en,
				Base,
			);
			mainGroup = 0FE070542D0D48C8007E02D2;
			minimizedProjectReferenceProxies = 1;
			preferredProjectObjectVersion = 77;
			productRefGroup = 0FE0705E2D0D48C8007E02D2 /* Products */;
			projectDirPath = "";
			projectRoot = "";
			targets = (
				0FE0705C2D0D48C8007E02D2 /* AI-Chat */,
				0FE0706D2D0D48CA007E02D2 /* AI-ChatTests */,
				0FE070772D0D48CA007E02D2 /* AI-ChatUITests */,
			);
		};
/* End PBXProject section */

/* Begin PBXResourcesBuildPhase section */
		0FE0705B2D0D48C8007E02D2 /* Resources */ = {
			isa = PBXResourcesBuildPhase;
			buildActionMask = 2147483647;
			files = (
				0FE070A12D0D4C2A007E02D2 /* LaunchScreen.storyboard in Resources */,
				0FE070922D0D4BFE007E02D2 /* Preview Assets.xcassets in Resources */,
				0FE070932D0D4BFE007E02D2 /* Assets.xcassets in Resources */,
			);
			runOnlyForDeploymentPostprocessing = 0;
		};
		0FE0706C2D0D48CA007E02D2 /* Resources */ = {
			isa = PBXResourcesBuildPhase;
			buildActionMask = 2147483647;
			files = (
			);
			runOnlyForDeploymentPostprocessing = 0;
		};
		0FE070762D0D48CA007E02D2 /* Resources */ = {
			isa = PBXResourcesBuildPhase;
			buildActionMask = 2147483647;
			files = (
			);
			runOnlyForDeploymentPostprocessing = 0;
		};
/* End PBXResourcesBuildPhase section */

/* Begin PBXShellScriptBuildPhase section */
		0FE070A22D0D4F04007E02D2 /* ShellScript */ = {
			isa = PBXShellScriptBuildPhase;
			alwaysOutOfDate = 1;
			buildActionMask = 2147483647;
			files = (
			);
			inputFileListPaths = (
			);
			inputPaths = (
			);
			outputFileListPaths = (
			);
			outputPaths = (
			);
			runOnlyForDeploymentPostprocessing = 0;
			shellPath = /bin/sh;
			shellScript = "if [[ -z \"$CI\" ]]; then\n    if [[ \"$(uname -m)\" == arm64 ]]; then\n        export PATH=\"/opt/homebrew/bin:$PATH\"\n    fi\n\n    # Check if running in a SwiftUI preview\n    if [ \"$XCODE_RUNNING_FOR_PREVIEWS\" != \"1\" ]; then\n        if which swiftlint > /dev/null; then\n            swiftlint --fix && swiftlint\n        else\n            echo \"warning: SwiftLint not installed, download from https://github.com/realm/SwiftLint\"\n        fi\n    fi\nelse \n    # Running Xcode Cloud\n    echo \"Running in Xcode Cloud. Skipping SwiftLint.\"\nfi\n";
			showEnvVarsInLog = 0;
		};
/* End PBXShellScriptBuildPhase section */

/* Begin PBXSourcesBuildPhase section */
		0FE070592D0D48C8007E02D2 /* Sources */ = {
			isa = PBXSourcesBuildPhase;
			buildActionMask = 2147483647;
			files = (
				0FE070942D0D4BFE007E02D2 /* AI_ChatApp.swift in Sources */,
				0FE070952D0D4BFE007E02D2 /* ContentView.swift in Sources */,
				0FE070A72D0D603C007E02D2 /* AppViewBuilder.swift in Sources */,
				0FE070A42D0D54FF007E02D2 /* AppView.swift in Sources */,
			);
			runOnlyForDeploymentPostprocessing = 0;
		};
		0FE0706A2D0D48CA007E02D2 /* Sources */ = {
			isa = PBXSourcesBuildPhase;
			buildActionMask = 2147483647;
			files = (
				0FE070982D0D4C02007E02D2 /* AI_ChatTests.swift in Sources */,
			);
			runOnlyForDeploymentPostprocessing = 0;
		};
		0FE070742D0D48CA007E02D2 /* Sources */ = {
			isa = PBXSourcesBuildPhase;
			buildActionMask = 2147483647;
			files = (
				0FE0709C2D0D4C05007E02D2 /* AI_ChatUITests.swift in Sources */,
				0FE0709D2D0D4C05007E02D2 /* AI_ChatUITestsLaunchTests.swift in Sources */,
			);
			runOnlyForDeploymentPostprocessing = 0;
		};
/* End PBXSourcesBuildPhase section */

/* Begin PBXTargetDependency section */
		0FE070702D0D48CA007E02D2 /* PBXTargetDependency */ = {
			isa = PBXTargetDependency;
			target = 0FE0705C2D0D48C8007E02D2 /* AI-Chat */;
			targetProxy = 0FE0706F2D0D48CA007E02D2 /* PBXContainerItemProxy */;
		};
		0FE0707A2D0D48CA007E02D2 /* PBXTargetDependency */ = {
			isa = PBXTargetDependency;
			target = 0FE0705C2D0D48C8007E02D2 /* AI-Chat */;
			targetProxy = 0FE070792D0D48CA007E02D2 /* PBXContainerItemProxy */;
		};
/* End PBXTargetDependency section */

/* Begin XCBuildConfiguration section */
		0FE070802D0D48CA007E02D2 /* Debug */ = {
			isa = XCBuildConfiguration;
			buildSettings = {
				ALWAYS_SEARCH_USER_PATHS = NO;
				ASSETCATALOG_COMPILER_GENERATE_SWIFT_ASSET_SYMBOL_EXTENSIONS = YES;
				CLANG_ANALYZER_NONNULL = YES;
				CLANG_ANALYZER_NUMBER_OBJECT_CONVERSION = YES_AGGRESSIVE;
				CLANG_CXX_LANGUAGE_STANDARD = "gnu++20";
				CLANG_ENABLE_MODULES = YES;
				CLANG_ENABLE_OBJC_ARC = YES;
				CLANG_ENABLE_OBJC_WEAK = YES;
				CLANG_WARN_BLOCK_CAPTURE_AUTORELEASING = YES;
				CLANG_WARN_BOOL_CONVERSION = YES;
				CLANG_WARN_COMMA = YES;
				CLANG_WARN_CONSTANT_CONVERSION = YES;
				CLANG_WARN_DEPRECATED_OBJC_IMPLEMENTATIONS = YES;
				CLANG_WARN_DIRECT_OBJC_ISA_USAGE = YES_ERROR;
				CLANG_WARN_DOCUMENTATION_COMMENTS = YES;
				CLANG_WARN_EMPTY_BODY = YES;
				CLANG_WARN_ENUM_CONVERSION = YES;
				CLANG_WARN_INFINITE_RECURSION = YES;
				CLANG_WARN_INT_CONVERSION = YES;
				CLANG_WARN_NON_LITERAL_NULL_CONVERSION = YES;
				CLANG_WARN_OBJC_IMPLICIT_RETAIN_SELF = YES;
				CLANG_WARN_OBJC_LITERAL_CONVERSION = YES;
				CLANG_WARN_OBJC_ROOT_CLASS = YES_ERROR;
				CLANG_WARN_QUOTED_INCLUDE_IN_FRAMEWORK_HEADER = YES;
				CLANG_WARN_RANGE_LOOP_ANALYSIS = YES;
				CLANG_WARN_STRICT_PROTOTYPES = YES;
				CLANG_WARN_SUSPICIOUS_MOVE = YES;
				CLANG_WARN_UNGUARDED_AVAILABILITY = YES_AGGRESSIVE;
				CLANG_WARN_UNREACHABLE_CODE = YES;
				CLANG_WARN__DUPLICATE_METHOD_MATCH = YES;
				COPY_PHASE_STRIP = NO;
				DEBUG_INFORMATION_FORMAT = dwarf;
				ENABLE_STRICT_OBJC_MSGSEND = YES;
				ENABLE_TESTABILITY = YES;
				ENABLE_USER_SCRIPT_SANDBOXING = YES;
				GCC_C_LANGUAGE_STANDARD = gnu17;
				GCC_DYNAMIC_NO_PIC = NO;
				GCC_NO_COMMON_BLOCKS = YES;
				GCC_OPTIMIZATION_LEVEL = 0;
				GCC_PREPROCESSOR_DEFINITIONS = (
					"DEBUG=1",
					"$(inherited)",
				);
				GCC_WARN_64_TO_32_BIT_CONVERSION = YES;
				GCC_WARN_ABOUT_RETURN_TYPE = YES_ERROR;
				GCC_WARN_UNDECLARED_SELECTOR = YES;
				GCC_WARN_UNINITIALIZED_AUTOS = YES_AGGRESSIVE;
				GCC_WARN_UNUSED_FUNCTION = YES;
				GCC_WARN_UNUSED_VARIABLE = YES;
				LOCALIZATION_PREFERS_STRING_CATALOGS = YES;
				MTL_ENABLE_DEBUG_INFO = INCLUDE_SOURCE;
				MTL_FAST_MATH = YES;
				ONLY_ACTIVE_ARCH = YES;
				SWIFT_ACTIVE_COMPILATION_CONDITIONS = "DEBUG $(inherited)";
				SWIFT_OPTIMIZATION_LEVEL = "-Onone";
			};
			name = Debug;
		};
		0FE070812D0D48CA007E02D2 /* Release */ = {
			isa = XCBuildConfiguration;
			buildSettings = {
				ALWAYS_SEARCH_USER_PATHS = NO;
				ASSETCATALOG_COMPILER_GENERATE_SWIFT_ASSET_SYMBOL_EXTENSIONS = YES;
				CLANG_ANALYZER_NONNULL = YES;
				CLANG_ANALYZER_NUMBER_OBJECT_CONVERSION = YES_AGGRESSIVE;
				CLANG_CXX_LANGUAGE_STANDARD = "gnu++20";
				CLANG_ENABLE_MODULES = YES;
				CLANG_ENABLE_OBJC_ARC = YES;
				CLANG_ENABLE_OBJC_WEAK = YES;
				CLANG_WARN_BLOCK_CAPTURE_AUTORELEASING = YES;
				CLANG_WARN_BOOL_CONVERSION = YES;
				CLANG_WARN_COMMA = YES;
				CLANG_WARN_CONSTANT_CONVERSION = YES;
				CLANG_WARN_DEPRECATED_OBJC_IMPLEMENTATIONS = YES;
				CLANG_WARN_DIRECT_OBJC_ISA_USAGE = YES_ERROR;
				CLANG_WARN_DOCUMENTATION_COMMENTS = YES;
				CLANG_WARN_EMPTY_BODY = YES;
				CLANG_WARN_ENUM_CONVERSION = YES;
				CLANG_WARN_INFINITE_RECURSION = YES;
				CLANG_WARN_INT_CONVERSION = YES;
				CLANG_WARN_NON_LITERAL_NULL_CONVERSION = YES;
				CLANG_WARN_OBJC_IMPLICIT_RETAIN_SELF = YES;
				CLANG_WARN_OBJC_LITERAL_CONVERSION = YES;
				CLANG_WARN_OBJC_ROOT_CLASS = YES_ERROR;
				CLANG_WARN_QUOTED_INCLUDE_IN_FRAMEWORK_HEADER = YES;
				CLANG_WARN_RANGE_LOOP_ANALYSIS = YES;
				CLANG_WARN_STRICT_PROTOTYPES = YES;
				CLANG_WARN_SUSPICIOUS_MOVE = YES;
				CLANG_WARN_UNGUARDED_AVAILABILITY = YES_AGGRESSIVE;
				CLANG_WARN_UNREACHABLE_CODE = YES;
				CLANG_WARN__DUPLICATE_METHOD_MATCH = YES;
				COPY_PHASE_STRIP = NO;
				DEBUG_INFORMATION_FORMAT = "dwarf-with-dsym";
				ENABLE_NS_ASSERTIONS = NO;
				ENABLE_STRICT_OBJC_MSGSEND = YES;
				ENABLE_USER_SCRIPT_SANDBOXING = YES;
				GCC_C_LANGUAGE_STANDARD = gnu17;
				GCC_NO_COMMON_BLOCKS = YES;
				GCC_WARN_64_TO_32_BIT_CONVERSION = YES;
				GCC_WARN_ABOUT_RETURN_TYPE = YES_ERROR;
				GCC_WARN_UNDECLARED_SELECTOR = YES;
				GCC_WARN_UNINITIALIZED_AUTOS = YES_AGGRESSIVE;
				GCC_WARN_UNUSED_FUNCTION = YES;
				GCC_WARN_UNUSED_VARIABLE = YES;
				LOCALIZATION_PREFERS_STRING_CATALOGS = YES;
				MTL_ENABLE_DEBUG_INFO = NO;
				MTL_FAST_MATH = YES;
				SWIFT_COMPILATION_MODE = wholemodule;
			};
			name = Release;
		};
		0FE070832D0D48CA007E02D2 /* Debug */ = {
			isa = XCBuildConfiguration;
			buildSettings = {
				ASSETCATALOG_COMPILER_APPICON_NAME = AppIcon;
				ASSETCATALOG_COMPILER_GLOBAL_ACCENT_COLOR_NAME = AccentColor;
				CODE_SIGN_ENTITLEMENTS = "AI-Chat/AI_Chat.entitlements";
				CODE_SIGN_STYLE = Automatic;
				CURRENT_PROJECT_VERSION = 1;
				DEVELOPMENT_ASSET_PATHS = "\"AI-Chat/Preview Content\"";
				DEVELOPMENT_TEAM = P47LPH7FHY;
				ENABLE_HARDENED_RUNTIME = YES;
				ENABLE_PREVIEWS = YES;
				ENABLE_USER_SCRIPT_SANDBOXING = NO;
				GENERATE_INFOPLIST_FILE = YES;
				"INFOPLIST_KEY_UIApplicationSceneManifest_Generation[sdk=iphoneos*]" = YES;
				"INFOPLIST_KEY_UIApplicationSceneManifest_Generation[sdk=iphonesimulator*]" = YES;
				"INFOPLIST_KEY_UIApplicationSupportsIndirectInputEvents[sdk=iphoneos*]" = YES;
				"INFOPLIST_KEY_UIApplicationSupportsIndirectInputEvents[sdk=iphonesimulator*]" = YES;
				"INFOPLIST_KEY_UILaunchScreen_Generation[sdk=iphoneos*]" = YES;
				"INFOPLIST_KEY_UILaunchScreen_Generation[sdk=iphonesimulator*]" = YES;
				INFOPLIST_KEY_UILaunchStoryboardName = LaunchScreen;
				"INFOPLIST_KEY_UIStatusBarStyle[sdk=iphoneos*]" = UIStatusBarStyleDefault;
				"INFOPLIST_KEY_UIStatusBarStyle[sdk=iphonesimulator*]" = UIStatusBarStyleDefault;
				INFOPLIST_KEY_UISupportedInterfaceOrientations_iPad = "UIInterfaceOrientationPortrait UIInterfaceOrientationPortraitUpsideDown UIInterfaceOrientationLandscapeLeft UIInterfaceOrientationLandscapeRight";
				INFOPLIST_KEY_UISupportedInterfaceOrientations_iPhone = "UIInterfaceOrientationPortrait UIInterfaceOrientationLandscapeLeft UIInterfaceOrientationLandscapeRight";
				IPHONEOS_DEPLOYMENT_TARGET = 17.0;
				LD_RUNPATH_SEARCH_PATHS = "@executable_path/Frameworks";
				"LD_RUNPATH_SEARCH_PATHS[sdk=macosx*]" = "@executable_path/../Frameworks";
				MACOSX_DEPLOYMENT_TARGET = 15.2;
				MARKETING_VERSION = 1.0;
				PRODUCT_BUNDLE_IDENTIFIER = "com.soham.divekar.AI-Chat";
				PRODUCT_NAME = "$(TARGET_NAME)";
				SDKROOT = auto;
				SUPPORTED_PLATFORMS = "iphoneos iphonesimulator";
				SUPPORTS_MACCATALYST = YES;
				SWIFT_EMIT_LOC_STRINGS = YES;
				SWIFT_VERSION = 6.0;
				TARGETED_DEVICE_FAMILY = "1,2";
				XROS_DEPLOYMENT_TARGET = 2.2;
			};
			name = Debug;
		};
		0FE070842D0D48CA007E02D2 /* Release */ = {
			isa = XCBuildConfiguration;
			buildSettings = {
				ASSETCATALOG_COMPILER_APPICON_NAME = AppIcon;
				ASSETCATALOG_COMPILER_GLOBAL_ACCENT_COLOR_NAME = AccentColor;
				CODE_SIGN_ENTITLEMENTS = "AI-Chat/AI_Chat.entitlements";
				CODE_SIGN_STYLE = Automatic;
				CURRENT_PROJECT_VERSION = 1;
				DEVELOPMENT_ASSET_PATHS = "\"AI-Chat/Preview Content\"";
				DEVELOPMENT_TEAM = P47LPH7FHY;
				ENABLE_HARDENED_RUNTIME = YES;
				ENABLE_PREVIEWS = YES;
				ENABLE_USER_SCRIPT_SANDBOXING = NO;
				GENERATE_INFOPLIST_FILE = YES;
				"INFOPLIST_KEY_UIApplicationSceneManifest_Generation[sdk=iphoneos*]" = YES;
				"INFOPLIST_KEY_UIApplicationSceneManifest_Generation[sdk=iphonesimulator*]" = YES;
				"INFOPLIST_KEY_UIApplicationSupportsIndirectInputEvents[sdk=iphoneos*]" = YES;
				"INFOPLIST_KEY_UIApplicationSupportsIndirectInputEvents[sdk=iphonesimulator*]" = YES;
				"INFOPLIST_KEY_UILaunchScreen_Generation[sdk=iphoneos*]" = YES;
				"INFOPLIST_KEY_UILaunchScreen_Generation[sdk=iphonesimulator*]" = YES;
				INFOPLIST_KEY_UILaunchStoryboardName = LaunchScreen;
				"INFOPLIST_KEY_UIStatusBarStyle[sdk=iphoneos*]" = UIStatusBarStyleDefault;
				"INFOPLIST_KEY_UIStatusBarStyle[sdk=iphonesimulator*]" = UIStatusBarStyleDefault;
				INFOPLIST_KEY_UISupportedInterfaceOrientations_iPad = "UIInterfaceOrientationPortrait UIInterfaceOrientationPortraitUpsideDown UIInterfaceOrientationLandscapeLeft UIInterfaceOrientationLandscapeRight";
				INFOPLIST_KEY_UISupportedInterfaceOrientations_iPhone = "UIInterfaceOrientationPortrait UIInterfaceOrientationLandscapeLeft UIInterfaceOrientationLandscapeRight";
				IPHONEOS_DEPLOYMENT_TARGET = 17.0;
				LD_RUNPATH_SEARCH_PATHS = "@executable_path/Frameworks";
				"LD_RUNPATH_SEARCH_PATHS[sdk=macosx*]" = "@executable_path/../Frameworks";
				MACOSX_DEPLOYMENT_TARGET = 15.2;
				MARKETING_VERSION = 1.0;
				PRODUCT_BUNDLE_IDENTIFIER = "com.soham.divekar.AI-Chat";
				PRODUCT_NAME = "$(TARGET_NAME)";
				SDKROOT = auto;
				SUPPORTED_PLATFORMS = "iphoneos iphonesimulator";
				SUPPORTS_MACCATALYST = YES;
				SWIFT_EMIT_LOC_STRINGS = YES;
				SWIFT_VERSION = 6.0;
				TARGETED_DEVICE_FAMILY = "1,2";
				XROS_DEPLOYMENT_TARGET = 2.2;
			};
			name = Release;
		};
		0FE070862D0D48CA007E02D2 /* Debug */ = {
			isa = XCBuildConfiguration;
			buildSettings = {
				BUNDLE_LOADER = "$(TEST_HOST)";
				CODE_SIGN_STYLE = Automatic;
				CURRENT_PROJECT_VERSION = 1;
				DEVELOPMENT_TEAM = P47LPH7FHY;
				GENERATE_INFOPLIST_FILE = YES;
				IPHONEOS_DEPLOYMENT_TARGET = 18.2;
				MACOSX_DEPLOYMENT_TARGET = 15.2;
				MARKETING_VERSION = 1.0;
				PRODUCT_BUNDLE_IDENTIFIER = "com.soham.divekar.AI-ChatTests";
				PRODUCT_NAME = "$(TARGET_NAME)";
				SDKROOT = auto;
				SUPPORTED_PLATFORMS = "iphoneos iphonesimulator macosx xros xrsimulator";
				SWIFT_EMIT_LOC_STRINGS = NO;
				SWIFT_VERSION = 5.0;
				TARGETED_DEVICE_FAMILY = "1,2,7";
				TEST_HOST = "$(BUILT_PRODUCTS_DIR)/AI-Chat.app/$(BUNDLE_EXECUTABLE_FOLDER_PATH)/AI-Chat";
				XROS_DEPLOYMENT_TARGET = 2.2;
			};
			name = Debug;
		};
		0FE070872D0D48CA007E02D2 /* Release */ = {
			isa = XCBuildConfiguration;
			buildSettings = {
				BUNDLE_LOADER = "$(TEST_HOST)";
				CODE_SIGN_STYLE = Automatic;
				CURRENT_PROJECT_VERSION = 1;
				DEVELOPMENT_TEAM = P47LPH7FHY;
				GENERATE_INFOPLIST_FILE = YES;
				IPHONEOS_DEPLOYMENT_TARGET = 18.2;
				MACOSX_DEPLOYMENT_TARGET = 15.2;
				MARKETING_VERSION = 1.0;
				PRODUCT_BUNDLE_IDENTIFIER = "com.soham.divekar.AI-ChatTests";
				PRODUCT_NAME = "$(TARGET_NAME)";
				SDKROOT = auto;
				SUPPORTED_PLATFORMS = "iphoneos iphonesimulator macosx xros xrsimulator";
				SWIFT_EMIT_LOC_STRINGS = NO;
				SWIFT_VERSION = 5.0;
				TARGETED_DEVICE_FAMILY = "1,2,7";
				TEST_HOST = "$(BUILT_PRODUCTS_DIR)/AI-Chat.app/$(BUNDLE_EXECUTABLE_FOLDER_PATH)/AI-Chat";
				XROS_DEPLOYMENT_TARGET = 2.2;
			};
			name = Release;
		};
		0FE070892D0D48CA007E02D2 /* Debug */ = {
			isa = XCBuildConfiguration;
			buildSettings = {
				CODE_SIGN_STYLE = Automatic;
				CURRENT_PROJECT_VERSION = 1;
				DEVELOPMENT_TEAM = P47LPH7FHY;
				GENERATE_INFOPLIST_FILE = YES;
				IPHONEOS_DEPLOYMENT_TARGET = 18.2;
				MACOSX_DEPLOYMENT_TARGET = 15.2;
				MARKETING_VERSION = 1.0;
				PRODUCT_BUNDLE_IDENTIFIER = "com.soham.divekar.AI-ChatUITests";
				PRODUCT_NAME = "$(TARGET_NAME)";
				SDKROOT = auto;
				SUPPORTED_PLATFORMS = "iphoneos iphonesimulator macosx xros xrsimulator";
				SWIFT_EMIT_LOC_STRINGS = NO;
				SWIFT_VERSION = 5.0;
				TARGETED_DEVICE_FAMILY = "1,2,7";
				TEST_TARGET_NAME = "AI-Chat";
				XROS_DEPLOYMENT_TARGET = 2.2;
			};
			name = Debug;
		};
		0FE0708A2D0D48CA007E02D2 /* Release */ = {
			isa = XCBuildConfiguration;
			buildSettings = {
				CODE_SIGN_STYLE = Automatic;
				CURRENT_PROJECT_VERSION = 1;
				DEVELOPMENT_TEAM = P47LPH7FHY;
				GENERATE_INFOPLIST_FILE = YES;
				IPHONEOS_DEPLOYMENT_TARGET = 18.2;
				MACOSX_DEPLOYMENT_TARGET = 15.2;
				MARKETING_VERSION = 1.0;
				PRODUCT_BUNDLE_IDENTIFIER = "com.soham.divekar.AI-ChatUITests";
				PRODUCT_NAME = "$(TARGET_NAME)";
				SDKROOT = auto;
				SUPPORTED_PLATFORMS = "iphoneos iphonesimulator macosx xros xrsimulator";
				SWIFT_EMIT_LOC_STRINGS = NO;
				SWIFT_VERSION = 5.0;
				TARGETED_DEVICE_FAMILY = "1,2,7";
				TEST_TARGET_NAME = "AI-Chat";
				XROS_DEPLOYMENT_TARGET = 2.2;
			};
			name = Release;
		};
/* End XCBuildConfiguration section */

/* Begin XCConfigurationList section */
		0FE070582D0D48C8007E02D2 /* Build configuration list for PBXProject "AI-Chat" */ = {
			isa = XCConfigurationList;
			buildConfigurations = (
				0FE070802D0D48CA007E02D2 /* Debug */,
				0FE070812D0D48CA007E02D2 /* Release */,
			);
			defaultConfigurationIsVisible = 0;
			defaultConfigurationName = Release;
		};
		0FE070822D0D48CA007E02D2 /* Build configuration list for PBXNativeTarget "AI-Chat" */ = {
			isa = XCConfigurationList;
			buildConfigurations = (
				0FE070832D0D48CA007E02D2 /* Debug */,
				0FE070842D0D48CA007E02D2 /* Release */,
			);
			defaultConfigurationIsVisible = 0;
			defaultConfigurationName = Release;
		};
		0FE070852D0D48CA007E02D2 /* Build configuration list for PBXNativeTarget "AI-ChatTests" */ = {
			isa = XCConfigurationList;
			buildConfigurations = (
				0FE070862D0D48CA007E02D2 /* Debug */,
				0FE070872D0D48CA007E02D2 /* Release */,
			);
			defaultConfigurationIsVisible = 0;
			defaultConfigurationName = Release;
		};
		0FE070882D0D48CA007E02D2 /* Build configuration list for PBXNativeTarget "AI-ChatUITests" */ = {
			isa = XCConfigurationList;
			buildConfigurations = (
				0FE070892D0D48CA007E02D2 /* Debug */,
				0FE0708A2D0D48CA007E02D2 /* Release */,
			);
			defaultConfigurationIsVisible = 0;
			defaultConfigurationName = Release;
		};
/* End XCConfigurationList section */
	};
	rootObject = 0FE070552D0D48C8007E02D2 /* Project object */;
}
